{
  "name": "dataconverter",
  "version": "1.0.0",
  "lockfileVersion": 1,
  "requires": true,
  "dependencies": {
    "@types/cli-progress": {
      "version": "3.7.0",
      "resolved": "https://registry.npm.taobao.org/@types/cli-progress/download/@types/cli-progress-3.7.0.tgz",
      "integrity": "sha1-LHfaAuhhaZ+DzOHya02myw5DjwQ=",
      "dev": true,
      "requires": {
        "@types/node": "*"
      }
    },
    "@types/fs-extra": {
      "version": "9.0.1",
      "resolved": "https://registry.npm.taobao.org/@types/fs-extra/download/@types/fs-extra-9.0.1.tgz",
      "integrity": "sha1-kcj8TFH21dvkTCypqwkxC9AMeRg=",
      "dev": true,
      "requires": {
        "@types/node": "*"
      }
    },
    "@types/node": {
      "version": "14.0.27",
      "resolved": "https://registry.npm.taobao.org/@types/node/download/@types/node-14.0.27.tgz?cache=0&sync_timestamp=1595997329483&other_urls=https%3A%2F%2Fregistry.npm.taobao.org%2F%40types%2Fnode%2Fdownload%2F%40types%2Fnode-14.0.27.tgz",
      "integrity": "sha1-oVGHOvWl6FG1GzsGXJ5jOQqeDrE=",
      "dev": true
    },
    "ansi-regex": {
      "version": "5.0.0",
      "resolved": "https://registry.npm.taobao.org/ansi-regex/download/ansi-regex-5.0.0.tgz",
      "integrity": "sha1-OIU59VF5vzkznIGvMKZU1p+Hy3U="
    },
    "at-least-node": {
      "version": "1.0.0",
      "resolved": "https://registry.npm.taobao.org/at-least-node/download/at-least-node-1.0.0.tgz",
      "integrity": "sha1-YCzUtG6EStTv/JKoARo8RuAjjcI="
    },
    "cli-progress": {
      "version": "3.8.2",
      "resolved": "https://registry.npm.taobao.org/cli-progress/download/cli-progress-3.8.2.tgz",
      "integrity": "sha1-q68fxtZAE1HxbwaBF6QQVUoOuMc=",
      "requires": {
        "colors": "^1.1.2",
        "string-width": "^4.2.0"
      }
    },
    "colors": {
      "version": "1.4.0",
      "resolved": "https://registry.npm.taobao.org/colors/download/colors-1.4.0.tgz",
      "integrity": "sha1-xQSRR51MG9rtLJztMs98fcI2D3g="
    },
    "emoji-regex": {
      "version": "8.0.0",
      "resolved": "https://registry.npm.taobao.org/emoji-regex/download/emoji-regex-8.0.0.tgz",
      "integrity": "sha1-6Bj9ac5cz8tARZT4QpY79TFkzDc="
    },
    "fast-xml-parser": {
      "version": "3.17.4",
      "resolved": "https://registry.npm.taobao.org/fast-xml-parser/download/fast-xml-parser-3.17.4.tgz",
      "integrity": "sha1-1mhJX7Pku895cPPCSsABnYLnZHc="
    },
    "fs-extra": {
      "version": "9.0.1",
      "resolved": "https://registry.npm.taobao.org/fs-extra/download/fs-extra-9.0.1.tgz?cache=0&sync_timestamp=1592843137563&other_urls=https%3A%2F%2Fregistry.npm.taobao.org%2Ffs-extra%2Fdownload%2Ffs-extra-9.0.1.tgz",
      "integrity": "sha1-kQ2gBiQ3ukw5/t2GPxZ1zP78ufw=",
      "requires": {
        "at-least-node": "^1.0.0",
        "graceful-fs": "^4.2.0",
        "jsonfile": "^6.0.1",
        "universalify": "^1.0.0"
      }
    },
    "graceful-fs": {
      "version": "4.2.4",
      "resolved": "https://registry.npm.taobao.org/graceful-fs/download/graceful-fs-4.2.4.tgz",
      "integrity": "sha1-Ila94U02MpWMRl68ltxGfKB6Kfs="
    },
    "is-fullwidth-code-point": {
      "version": "3.0.0",
      "resolved": "https://registry.npm.taobao.org/is-fullwidth-code-point/download/is-fullwidth-code-point-3.0.0.tgz",
      "integrity": "sha1-8Rb4Bk/pCz94RKOJl8C3UFEmnx0="
    },
    "jsonfile": {
      "version": "6.0.1",
      "resolved": "https://registry.npm.taobao.org/jsonfile/download/jsonfile-6.0.1.tgz",
      "integrity": "sha1-mJZsuiFDeMjIS4LghZB7QL9hQXk=",
      "requires": {
        "graceful-fs": "^4.1.6",
        "universalify": "^1.0.0"
      }
    },
    "string-width": {
      "version": "4.2.0",
      "resolved": "https://registry.npm.taobao.org/string-width/download/string-width-4.2.0.tgz",
      "integrity": "sha1-lSGCxGzHssMT0VluYjmSvRY7crU=",
      "requires": {
        "emoji-regex": "^8.0.0",
        "is-fullwidth-code-point": "^3.0.0",
        "strip-ansi": "^6.0.0"
      }
    },
    "strip-ansi": {
      "version": "6.0.0",
      "resolved": "https://registry.npm.taobao.org/strip-ansi/download/strip-ansi-6.0.0.tgz",
      "integrity": "sha1-CxVx3XZpzNTz4G4U7x7tJiJa5TI=",
      "requires": {
        "ansi-regex": "^5.0.0"
      }
    },
    "universalify": {
      "version": "1.0.0",
      "resolved": "https://registry.npm.taobao.org/universalify/download/universalify-1.0.0.tgz",
      "integrity": "sha1-thodoXPoQ1sv48Z9Kbmt+FlL0W0="
    }
  }
}
